// !$*UTF8*$!
{
	archiveVersion = 1;
	classes = {
	};
	objectVersion = 46;
	objects = {

/* Begin PBXBuildFile section */
		1A0B08A615C0293C00567BBD /* WeightExercise.m in Sources */ = {isa = PBXBuildFile; fileRef = 1A0B08A515C0293C00567BBD /* WeightExercise.m */; };
		1A0F0EEC15BBBEF900A25C21 /* Entitlements.plist in Resources */ = {isa = PBXBuildFile; fileRef = 1A0F0EEB15BBBEF900A25C21 /* Entitlements.plist */; };
		1A1D25DE15D7D040002574F5 /* SummaryParentCell.m in Sources */ = {isa = PBXBuildFile; fileRef = 1A1D25DD15D7D040002574F5 /* SummaryParentCell.m */; };
		1A582F4015AC49CA004C1A9B /* iTunesArtwork in Resources */ = {isa = PBXBuildFile; fileRef = 1A582F3F15AC49CA004C1A9B /* iTunesArtwork */; };
		1A60FCB615CE0EF70093380B /* ProgramTimer.m in Sources */ = {isa = PBXBuildFile; fileRef = 1A60FCB515CE0EF70093380B /* ProgramTimer.m */; };
		1A94D92C15D7DBE90032228B /* SummaryChildCell.m in Sources */ = {isa = PBXBuildFile; fileRef = 1A94D92B15D7DBE90032228B /* SummaryChildCell.m */; };
		1A95729415D5FE890051E864 /* LoadProgramTableDelegate.m in Sources */ = {isa = PBXBuildFile; fileRef = 1A95729315D5FE890051E864 /* LoadProgramTableDelegate.m */; };
		1A95729E15D603FA0051E864 /* LoadProgramCell.m in Sources */ = {isa = PBXBuildFile; fileRef = 1A95729D15D603FA0051E864 /* LoadProgramCell.m */; };
		1A9E40E615A45FAC001A189C /* 72x72.png in Resources */ = {isa = PBXBuildFile; fileRef = 1A9E40E515A45FAC001A189C /* 72x72.png */; };
		1A9E40E815A45FC4001A189C /* 144x144.png in Resources */ = {isa = PBXBuildFile; fileRef = 1A9E40E715A45FC4001A189C /* 144x144.png */; };
		1AA54EBC15DBDB7A002E6083 /* Set.m in Sources */ = {isa = PBXBuildFile; fileRef = 1AA54EBB15DBDB7A002E6083 /* Set.m */; };
		1AA6360715A049EB00938C5F /* ExercisePickerDelegate.m in Sources */ = {isa = PBXBuildFile; fileRef = 1AA6360615A049EB00938C5F /* ExercisePickerDelegate.m */; };
		1ABD3F1415C00414002E9520 /* Clock-Icon2-by-Nagaya.png in Resources */ = {isa = PBXBuildFile; fileRef = 1ABD3F0E15C00414002E9520 /* Clock-Icon2-by-Nagaya.png */; };
		1ABD3F1515C00414002E9520 /* clock44x44.png in Resources */ = {isa = PBXBuildFile; fileRef = 1ABD3F0F15C00414002E9520 /* clock44x44.png */; };
		1ABD3F1615C00414002E9520 /* physical_education 400x400.png in Resources */ = {isa = PBXBuildFile; fileRef = 1ABD3F1015C00414002E9520 /* physical_education 400x400.png */; };
		1ABD3F1715C00414002E9520 /* physical_education 72x72.png in Resources */ = {isa = PBXBuildFile; fileRef = 1ABD3F1115C00414002E9520 /* physical_education 72x72.png */; };
		1ABD3F1815C00414002E9520 /* physical_education.png in Resources */ = {isa = PBXBuildFile; fileRef = 1ABD3F1215C00414002E9520 /* physical_education.png */; };
		1ABD3F1915C00414002E9520 /* weights44x44.png in Resources */ = {isa = PBXBuildFile; fileRef = 1ABD3F1315C00414002E9520 /* weights44x44.png */; };
		1ABECA1A15D4F0E300A199F7 /* LoadProgramViewController.m in Sources */ = {isa = PBXBuildFile; fileRef = 1ABECA1915D4F0E300A199F7 /* LoadProgramViewController.m */; };
		1ABFF5211595A63E004C7EE1 /* UIKit.framework in Frameworks */ = {isa = PBXBuildFile; fileRef = 1ABFF5201595A63E004C7EE1 /* UIKit.framework */; };
		1ABFF5231595A63F004C7EE1 /* Foundation.framework in Frameworks */ = {isa = PBXBuildFile; fileRef = 1ABFF5221595A63E004C7EE1 /* Foundation.framework */; };
		1ABFF5251595A63F004C7EE1 /* CoreGraphics.framework in Frameworks */ = {isa = PBXBuildFile; fileRef = 1ABFF5241595A63F004C7EE1 /* CoreGraphics.framework */; };
		1ABFF52B1595A63F004C7EE1 /* InfoPlist.strings in Resources */ = {isa = PBXBuildFile; fileRef = 1ABFF5291595A63F004C7EE1 /* InfoPlist.strings */; };
		1ABFF52D1595A63F004C7EE1 /* main.m in Sources */ = {isa = PBXBuildFile; fileRef = 1ABFF52C1595A63F004C7EE1 /* main.m */; };
		1ABFF5311595A63F004C7EE1 /* GymAppDelegate.m in Sources */ = {isa = PBXBuildFile; fileRef = 1ABFF5301595A63F004C7EE1 /* GymAppDelegate.m */; };
		1ABFF5381595A65A004C7EE1 /* Storyboard.storyboard in Resources */ = {isa = PBXBuildFile; fileRef = 1ABFF5371595A65A004C7EE1 /* Storyboard.storyboard */; };
		1ABFF53B1595E634004C7EE1 /* ProgramViewController.m in Sources */ = {isa = PBXBuildFile; fileRef = 1ABFF53A1595E634004C7EE1 /* ProgramViewController.m */; };
		1ABFF5461595F427004C7EE1 /* ExerciseDataController.m in Sources */ = {isa = PBXBuildFile; fileRef = 1ABFF5451595F427004C7EE1 /* ExerciseDataController.m */; };
		1ABFF54F1595F53A004C7EE1 /* Exercise.m in Sources */ = {isa = PBXBuildFile; fileRef = 1ABFF54B1595F53A004C7EE1 /* Exercise.m */; };
		1ABFF5501595F53A004C7EE1 /* ExerciseCell.m in Sources */ = {isa = PBXBuildFile; fileRef = 1ABFF54D1595F53A004C7EE1 /* ExerciseCell.m */; };
		1ABFF5531595F804004C7EE1 /* ExerciseTableDelegate.m in Sources */ = {isa = PBXBuildFile; fileRef = 1ABFF5521595F804004C7EE1 /* ExerciseTableDelegate.m */; };
		1AC215E515E0AE5700B4902A /* CurrentExerciseCell.m in Sources */ = {isa = PBXBuildFile; fileRef = 1AC215E415E0AE5700B4902A /* CurrentExerciseCell.m */; };
		1AD7CE6F15D122B300651C52 /* CurrentViewController.m in Sources */ = {isa = PBXBuildFile; fileRef = 1AD7CE6E15D122B300651C52 /* CurrentViewController.m */; };
		1AD8045E15DA78E60004F95A /* Actions-dialog-cancel-icon.png in Resources */ = {isa = PBXBuildFile; fileRef = 1AD8045A15DA78E50004F95A /* Actions-dialog-cancel-icon.png */; };
		1AD8045F15DA78E60004F95A /* Actions-dialog-close-icon.png in Resources */ = {isa = PBXBuildFile; fileRef = 1AD8045B15DA78E50004F95A /* Actions-dialog-close-icon.png */; };
		1AD8046015DA78E60004F95A /* Actions-dialog-ok-apply-icon.png in Resources */ = {isa = PBXBuildFile; fileRef = 1AD8045C15DA78E50004F95A /* Actions-dialog-ok-apply-icon.png */; };
		1AD8046115DA78E60004F95A /* Actions-dialog-ok-icon.png in Resources */ = {isa = PBXBuildFile; fileRef = 1AD8045D15DA78E50004F95A /* Actions-dialog-ok-icon.png */; };
		1AD8046515DA792F0004F95A /* Actions-chronometer-icon.png in Resources */ = {isa = PBXBuildFile; fileRef = 1AD8046315DA792E0004F95A /* Actions-chronometer-icon.png */; };
		1AD8046615DA792F0004F95A /* Actions-document-edit-icon.png in Resources */ = {isa = PBXBuildFile; fileRef = 1AD8046415DA792F0004F95A /* Actions-document-edit-icon.png */; };
		1ADF8D9015BE6C8100356568 /* batthern.png in Resources */ = {isa = PBXBuildFile; fileRef = 1ADF8D7C15BE6C8100356568 /* batthern.png */; };
		1ADF8D9115BE6C8100356568 /* black_linen_v2.png in Resources */ = {isa = PBXBuildFile; fileRef = 1ADF8D7D15BE6C8100356568 /* black_linen_v2.png */; };
		1ADF8D9215BE6C8100356568 /* bo_play_pattern.png in Resources */ = {isa = PBXBuildFile; fileRef = 1ADF8D7E15BE6C8100356568 /* bo_play_pattern.png */; };
		1ADF8D9315BE6C8100356568 /* brushed_alu.png in Resources */ = {isa = PBXBuildFile; fileRef = 1ADF8D7F15BE6C8100356568 /* brushed_alu.png */; };
		1ADF8D9415BE6C8100356568 /* brushed_alu_dark.png in Resources */ = {isa = PBXBuildFile; fileRef = 1ADF8D8015BE6C8100356568 /* brushed_alu_dark.png */; };
		1ADF8D9515BE6C8100356568 /* carbon_fibre.png in Resources */ = {isa = PBXBuildFile; fileRef = 1ADF8D8115BE6C8100356568 /* carbon_fibre.png */; };
		1ADF8D9615BE6C8100356568 /* cartographer.png in Resources */ = {isa = PBXBuildFile; fileRef = 1ADF8D8215BE6C8100356568 /* cartographer.png */; };
		1ADF8D9715BE6C8100356568 /* dark_brick_wall.png in Resources */ = {isa = PBXBuildFile; fileRef = 1ADF8D8315BE6C8100356568 /* dark_brick_wall.png */; };
		1ADF8D9815BE6C8100356568 /* dark_leather.png in Resources */ = {isa = PBXBuildFile; fileRef = 1ADF8D8415BE6C8100356568 /* dark_leather.png */; };
		1ADF8D9915BE6C8100356568 /* dark_Tire.png in Resources */ = {isa = PBXBuildFile; fileRef = 1ADF8D8515BE6C8100356568 /* dark_Tire.png */; };
		1ADF8D9A15BE6C8100356568 /* dark_wall.png in Resources */ = {isa = PBXBuildFile; fileRef = 1ADF8D8615BE6C8100356568 /* dark_wall.png */; };
		1ADF8D9B15BE6C8100356568 /* dirty_old_shirt.png in Resources */ = {isa = PBXBuildFile; fileRef = 1ADF8D8715BE6C8100356568 /* dirty_old_shirt.png */; };
		1ADF8D9C15BE6C8100356568 /* gplaypattern.png in Resources */ = {isa = PBXBuildFile; fileRef = 1ADF8D8815BE6C8100356568 /* gplaypattern.png */; };
		1ADF8D9D15BE6C8100356568 /* gray_sand.png in Resources */ = {isa = PBXBuildFile; fileRef = 1ADF8D8915BE6C8100356568 /* gray_sand.png */; };
		1ADF8D9E15BE6C8100356568 /* gun_metal.png in Resources */ = {isa = PBXBuildFile; fileRef = 1ADF8D8A15BE6C8100356568 /* gun_metal.png */; };
		1ADF8D9F15BE6C8100356568 /* low_contrast_linen.png in Resources */ = {isa = PBXBuildFile; fileRef = 1ADF8D8B15BE6C8100356568 /* low_contrast_linen.png */; };
		1ADF8DA015BE6C8100356568 /* smooth_wall.png in Resources */ = {isa = PBXBuildFile; fileRef = 1ADF8D8C15BE6C8100356568 /* smooth_wall.png */; };
		1ADF8DA115BE6C8100356568 /* tactile_noise.png in Resources */ = {isa = PBXBuildFile; fileRef = 1ADF8D8D15BE6C8100356568 /* tactile_noise.png */; };
		1ADF8DA215BE6C8100356568 /* tex2res4.png in Resources */ = {isa = PBXBuildFile; fileRef = 1ADF8D8E15BE6C8100356568 /* tex2res4.png */; };
		1ADF8DA315BE6C8100356568 /* triangles.png in Resources */ = {isa = PBXBuildFile; fileRef = 1ADF8D8F15BE6C8100356568 /* triangles.png */; };
		1AE841DB15CBC43500EE9724 /* Program.m in Sources */ = {isa = PBXBuildFile; fileRef = 1AE841DA15CBC43500EE9724 /* Program.m */; };
		1AE841E515CBF5D600EE9724 /* De fréu Favourites.PNG in Resources */ = {isa = PBXBuildFile; fileRef = 1AE841E315CBF5D600EE9724 /* De fréu Favourites.PNG */; };
		1AE841E615CBF5D600EE9724 /* De fréu Upload.PNG in Resources */ = {isa = PBXBuildFile; fileRef = 1AE841E415CBF5D600EE9724 /* De fréu Upload.PNG */; };
		1AE841E915CBF64E00EE9724 /* MB_0018_viewer.png in Resources */ = {isa = PBXBuildFile; fileRef = 1AE841E815CBF64E00EE9724 /* MB_0018_viewer.png */; };
		1AE841EB15CBF65C00EE9724 /* MB_0024_YT2.png in Resources */ = {isa = PBXBuildFile; fileRef = 1AE841EA15CBF65C00EE9724 /* MB_0024_YT2.png */; };
		1AE841ED15CBF67900EE9724 /* MB_0004_favs2.png in Resources */ = {isa = PBXBuildFile; fileRef = 1AE841EC15CBF67900EE9724 /* MB_0004_favs2.png */; };
		1AE841EF15CBF68900EE9724 /* MB_0019_plus.png in Resources */ = {isa = PBXBuildFile; fileRef = 1AE841EE15CBF68900EE9724 /* MB_0019_plus.png */; };
		1AE841F115CBF6A900EE9724 /* MB_0005_sett_small.png in Resources */ = {isa = PBXBuildFile; fileRef = 1AE841F015CBF6A900EE9724 /* MB_0005_sett_small.png */; };
		1AE841F315CBF6B500EE9724 /* MB_0006_back.png in Resources */ = {isa = PBXBuildFile; fileRef = 1AE841F215CBF6B500EE9724 /* MB_0006_back.png */; };
		1AE841F515CBF6C900EE9724 /* MB_0020_sett-big.png in Resources */ = {isa = PBXBuildFile; fileRef = 1AE841F415CBF6C900EE9724 /* MB_0020_sett-big.png */; };
		1AE8420015CBF6F600EE9724 /* button_black_eject.png in Resources */ = {isa = PBXBuildFile; fileRef = 1AE841F615CBF6F600EE9724 /* button_black_eject.png */; };
		1AE8420115CBF6F600EE9724 /* button_black_ffw.png in Resources */ = {isa = PBXBuildFile; fileRef = 1AE841F715CBF6F600EE9724 /* button_black_ffw.png */; };
		1AE8420215CBF6F600EE9724 /* button_black_first.png in Resources */ = {isa = PBXBuildFile; fileRef = 1AE841F815CBF6F600EE9724 /* button_black_first.png */; };
		1AE8420315CBF6F600EE9724 /* button_black_last.png in Resources */ = {isa = PBXBuildFile; fileRef = 1AE841F915CBF6F600EE9724 /* button_black_last.png */; };
		1AE8420415CBF6F600EE9724 /* button_black_pause.png in Resources */ = {isa = PBXBuildFile; fileRef = 1AE841FA15CBF6F600EE9724 /* button_black_pause.png */; };
		1AE8420515CBF6F600EE9724 /* button_black_play.png in Resources */ = {isa = PBXBuildFile; fileRef = 1AE841FB15CBF6F600EE9724 /* button_black_play.png */; };
		1AE8420615CBF6F600EE9724 /* button_black_rec.png in Resources */ = {isa = PBXBuildFile; fileRef = 1AE841FC15CBF6F600EE9724 /* button_black_rec.png */; };
		1AE8420715CBF6F600EE9724 /* button_black_repeat.png in Resources */ = {isa = PBXBuildFile; fileRef = 1AE841FD15CBF6F600EE9724 /* button_black_repeat.png */; };
		1AE8420815CBF6F600EE9724 /* button_black_rew.png in Resources */ = {isa = PBXBuildFile; fileRef = 1AE841FE15CBF6F600EE9724 /* button_black_rew.png */; };
		1AE8420915CBF6F600EE9724 /* button_black_stop.png in Resources */ = {isa = PBXBuildFile; fileRef = 1AE841FF15CBF6F600EE9724 /* button_black_stop.png */; };
		1AF76B401599F16600417F1D /* ExerciseTimer.m in Sources */ = {isa = PBXBuildFile; fileRef = 1AF76B3F1599F16600417F1D /* ExerciseTimer.m */; };
		1AFADC6615BEDD9E006B03BC /* sound.aif in Resources */ = {isa = PBXBuildFile; fileRef = 1AFADC6515BEDD9E006B03BC /* sound.aif */; };
		1AFADC6815BEDED6006B03BC /* AudioToolbox.framework in Frameworks */ = {isa = PBXBuildFile; fileRef = 1AFADC6715BEDED6006B03BC /* AudioToolbox.framework */; };
/* End PBXBuildFile section */

/* Begin PBXFileReference section */
		1A0B08A415C0293C00567BBD /* WeightExercise.h */ = {isa = PBXFileReference; fileEncoding = 4; lastKnownFileType = sourcecode.c.h; path = WeightExercise.h; sourceTree = "<group>"; };
		1A0B08A515C0293C00567BBD /* WeightExercise.m */ = {isa = PBXFileReference; fileEncoding = 4; lastKnownFileType = sourcecode.c.objc; path = WeightExercise.m; sourceTree = "<group>"; };
		1A0B08A815C02C8300567BBD /* ExerciseWeightOrTimeMode.h */ = {isa = PBXFileReference; lastKnownFileType = sourcecode.c.h; path = ExerciseWeightOrTimeMode.h; sourceTree = "<group>"; };
		1A0F0EEB15BBBEF900A25C21 /* Entitlements.plist */ = {isa = PBXFileReference; fileEncoding = 4; lastKnownFileType = text.plist.xml; path = Entitlements.plist; sourceTree = "<group>"; };
		1A1D25DC15D7D040002574F5 /* SummaryParentCell.h */ = {isa = PBXFileReference; fileEncoding = 4; lastKnownFileType = sourcecode.c.h; path = SummaryParentCell.h; sourceTree = "<group>"; };
		1A1D25DD15D7D040002574F5 /* SummaryParentCell.m */ = {isa = PBXFileReference; fileEncoding = 4; lastKnownFileType = sourcecode.c.objc; path = SummaryParentCell.m; sourceTree = "<group>"; };
		1A3EC3C815A1D8F900282EA4 /* ExercisePickerControllerProtocol.h */ = {isa = PBXFileReference; lastKnownFileType = sourcecode.c.h; path = ExercisePickerControllerProtocol.h; sourceTree = "<group>"; };
		1A51BA9915CD2A2E001A0BD4 /* ProgramStatusProtocol.h */ = {isa = PBXFileReference; fileEncoding = 4; lastKnownFileType = sourcecode.c.h; path = ProgramStatusProtocol.h; sourceTree = "<group>"; };
		1A582F3F15AC49CA004C1A9B /* iTunesArtwork */ = {isa = PBXFileReference; lastKnownFileType = file; path = iTunesArtwork; sourceTree = "<group>"; };
		1A60FCB415CE0EF70093380B /* ProgramTimer.h */ = {isa = PBXFileReference; fileEncoding = 4; lastKnownFileType = sourcecode.c.h; path = ProgramTimer.h; sourceTree = "<group>"; };
		1A60FCB515CE0EF70093380B /* ProgramTimer.m */ = {isa = PBXFileReference; fileEncoding = 4; lastKnownFileType = sourcecode.c.objc; path = ProgramTimer.m; sourceTree = "<group>"; };
		1A60FCB715CE10770093380B /* ProgramTimerObserver.h */ = {isa = PBXFileReference; lastKnownFileType = sourcecode.c.h; path = ProgramTimerObserver.h; sourceTree = "<group>"; };
		1A79A40C15D67ECC00DF09C2 /* ProgramChangedObserver.h */ = {isa = PBXFileReference; lastKnownFileType = sourcecode.c.h; path = ProgramChangedObserver.h; sourceTree = "<group>"; };
		1A94D92A15D7DBE90032228B /* SummaryChildCell.h */ = {isa = PBXFileReference; fileEncoding = 4; lastKnownFileType = sourcecode.c.h; path = SummaryChildCell.h; sourceTree = "<group>"; };
		1A94D92B15D7DBE90032228B /* SummaryChildCell.m */ = {isa = PBXFileReference; fileEncoding = 4; lastKnownFileType = sourcecode.c.objc; path = SummaryChildCell.m; sourceTree = "<group>"; };
		1A95729215D5FE890051E864 /* LoadProgramTableDelegate.h */ = {isa = PBXFileReference; fileEncoding = 4; lastKnownFileType = sourcecode.c.h; path = LoadProgramTableDelegate.h; sourceTree = "<group>"; };
		1A95729315D5FE890051E864 /* LoadProgramTableDelegate.m */ = {isa = PBXFileReference; fileEncoding = 4; lastKnownFileType = sourcecode.c.objc; path = LoadProgramTableDelegate.m; sourceTree = "<group>"; };
		1A95729C15D603FA0051E864 /* LoadProgramCell.h */ = {isa = PBXFileReference; fileEncoding = 4; lastKnownFileType = sourcecode.c.h; path = LoadProgramCell.h; sourceTree = "<group>"; };
		1A95729D15D603FA0051E864 /* LoadProgramCell.m */ = {isa = PBXFileReference; fileEncoding = 4; lastKnownFileType = sourcecode.c.objc; path = LoadProgramCell.m; sourceTree = "<group>"; };
		1A9E40E515A45FAC001A189C /* 72x72.png */ = {isa = PBXFileReference; lastKnownFileType = image.png; path = 72x72.png; sourceTree = "<group>"; };
		1A9E40E715A45FC4001A189C /* 144x144.png */ = {isa = PBXFileReference; lastKnownFileType = image.png; path = 144x144.png; sourceTree = "<group>"; };
		1A9E40E915A45FE4001A189C /* Default-Landscape~ipad.png */ = {isa = PBXFileReference; lastKnownFileType = image.png; path = "Default-Landscape~ipad.png"; sourceTree = "<group>"; };
		1A9E40EB15A45FF4001A189C /* Default-Landscape@2x~ipad.png */ = {isa = PBXFileReference; lastKnownFileType = image.png; path = "Default-Landscape@2x~ipad.png"; sourceTree = "<group>"; };
		1AA54EBA15DBDB7A002E6083 /* Set.h */ = {isa = PBXFileReference; fileEncoding = 4; lastKnownFileType = sourcecode.c.h; path = Set.h; sourceTree = "<group>"; };
		1AA54EBB15DBDB7A002E6083 /* Set.m */ = {isa = PBXFileReference; fileEncoding = 4; lastKnownFileType = sourcecode.c.objc; path = Set.m; sourceTree = "<group>"; };
		1AA54EBE15DBDCEB002E6083 /* Intensity.h */ = {isa = PBXFileReference; lastKnownFileType = sourcecode.c.h; path = Intensity.h; sourceTree = "<group>"; };
		1AA6360515A049EB00938C5F /* ExercisePickerDelegate.h */ = {isa = PBXFileReference; fileEncoding = 4; lastKnownFileType = sourcecode.c.h; path = ExercisePickerDelegate.h; sourceTree = "<group>"; };
		1AA6360615A049EB00938C5F /* ExercisePickerDelegate.m */ = {isa = PBXFileReference; fileEncoding = 4; lastKnownFileType = sourcecode.c.objc; path = ExercisePickerDelegate.m; sourceTree = "<group>"; };
		1ABD3F0E15C00414002E9520 /* Clock-Icon2-by-Nagaya.png */ = {isa = PBXFileReference; lastKnownFileType = image.png; path = "Clock-Icon2-by-Nagaya.png"; sourceTree = "<group>"; };
		1ABD3F0F15C00414002E9520 /* clock44x44.png */ = {isa = PBXFileReference; lastKnownFileType = image.png; path = clock44x44.png; sourceTree = "<group>"; };
		1ABD3F1015C00414002E9520 /* physical_education 400x400.png */ = {isa = PBXFileReference; lastKnownFileType = image.png; path = "physical_education 400x400.png"; sourceTree = "<group>"; };
		1ABD3F1115C00414002E9520 /* physical_education 72x72.png */ = {isa = PBXFileReference; lastKnownFileType = image.png; path = "physical_education 72x72.png"; sourceTree = "<group>"; };
		1ABD3F1215C00414002E9520 /* physical_education.png */ = {isa = PBXFileReference; lastKnownFileType = image.png; path = physical_education.png; sourceTree = "<group>"; };
		1ABD3F1315C00414002E9520 /* weights44x44.png */ = {isa = PBXFileReference; lastKnownFileType = image.png; path = weights44x44.png; sourceTree = "<group>"; };
		1ABECA1815D4F0E300A199F7 /* LoadProgramViewController.h */ = {isa = PBXFileReference; fileEncoding = 4; lastKnownFileType = sourcecode.c.h; path = LoadProgramViewController.h; sourceTree = "<group>"; };
		1ABECA1915D4F0E300A199F7 /* LoadProgramViewController.m */ = {isa = PBXFileReference; fileEncoding = 4; lastKnownFileType = sourcecode.c.objc; path = LoadProgramViewController.m; sourceTree = "<group>"; };
		1ABECA1B15D53D8B00A199F7 /* LoadProgramObserver.h */ = {isa = PBXFileReference; lastKnownFileType = sourcecode.c.h; path = LoadProgramObserver.h; sourceTree = "<group>"; };
		1ABFF51C1595A63E004C7EE1 /* GymApp.app */ = {isa = PBXFileReference; explicitFileType = wrapper.application; includeInIndex = 0; path = GymApp.app; sourceTree = BUILT_PRODUCTS_DIR; };
		1ABFF5201595A63E004C7EE1 /* UIKit.framework */ = {isa = PBXFileReference; lastKnownFileType = wrapper.framework; name = UIKit.framework; path = System/Library/Frameworks/UIKit.framework; sourceTree = SDKROOT; };
		1ABFF5221595A63E004C7EE1 /* Foundation.framework */ = {isa = PBXFileReference; lastKnownFileType = wrapper.framework; name = Foundation.framework; path = System/Library/Frameworks/Foundation.framework; sourceTree = SDKROOT; };
		1ABFF5241595A63F004C7EE1 /* CoreGraphics.framework */ = {isa = PBXFileReference; lastKnownFileType = wrapper.framework; name = CoreGraphics.framework; path = System/Library/Frameworks/CoreGraphics.framework; sourceTree = SDKROOT; };
		1ABFF5281595A63F004C7EE1 /* GymApp-Info.plist */ = {isa = PBXFileReference; lastKnownFileType = text.plist.xml; path = "GymApp-Info.plist"; sourceTree = "<group>"; };
		1ABFF52A1595A63F004C7EE1 /* en */ = {isa = PBXFileReference; lastKnownFileType = text.plist.strings; name = en; path = en.lproj/InfoPlist.strings; sourceTree = "<group>"; };
		1ABFF52C1595A63F004C7EE1 /* main.m */ = {isa = PBXFileReference; lastKnownFileType = sourcecode.c.objc; path = main.m; sourceTree = "<group>"; };
		1ABFF52E1595A63F004C7EE1 /* GymApp-Prefix.pch */ = {isa = PBXFileReference; lastKnownFileType = sourcecode.c.h; path = "GymApp-Prefix.pch"; sourceTree = "<group>"; };
		1ABFF52F1595A63F004C7EE1 /* GymAppDelegate.h */ = {isa = PBXFileReference; lastKnownFileType = sourcecode.c.h; path = GymAppDelegate.h; sourceTree = "<group>"; };
		1ABFF5301595A63F004C7EE1 /* GymAppDelegate.m */ = {isa = PBXFileReference; lastKnownFileType = sourcecode.c.objc; path = GymAppDelegate.m; sourceTree = "<group>"; };
		1ABFF5371595A65A004C7EE1 /* Storyboard.storyboard */ = {isa = PBXFileReference; fileEncoding = 4; lastKnownFileType = file.storyboard; path = Storyboard.storyboard; sourceTree = "<group>"; };
		1ABFF5391595E634004C7EE1 /* ProgramViewController.h */ = {isa = PBXFileReference; fileEncoding = 4; lastKnownFileType = sourcecode.c.h; path = ProgramViewController.h; sourceTree = "<group>"; };
		1ABFF53A1595E634004C7EE1 /* ProgramViewController.m */ = {isa = PBXFileReference; fileEncoding = 4; lastKnownFileType = sourcecode.c.objc; path = ProgramViewController.m; sourceTree = "<group>"; };
		1ABFF5441595F427004C7EE1 /* ExerciseDataController.h */ = {isa = PBXFileReference; fileEncoding = 4; lastKnownFileType = sourcecode.c.h; path = ExerciseDataController.h; sourceTree = "<group>"; };
		1ABFF5451595F427004C7EE1 /* ExerciseDataController.m */ = {isa = PBXFileReference; fileEncoding = 4; lastKnownFileType = sourcecode.c.objc; path = ExerciseDataController.m; sourceTree = "<group>"; };
		1ABFF54A1595F53A004C7EE1 /* Exercise.h */ = {isa = PBXFileReference; fileEncoding = 4; lastKnownFileType = sourcecode.c.h; path = Exercise.h; sourceTree = "<group>"; };
		1ABFF54B1595F53A004C7EE1 /* Exercise.m */ = {isa = PBXFileReference; fileEncoding = 4; lastKnownFileType = sourcecode.c.objc; path = Exercise.m; sourceTree = "<group>"; };
		1ABFF54C1595F53A004C7EE1 /* ExerciseCell.h */ = {isa = PBXFileReference; fileEncoding = 4; lastKnownFileType = sourcecode.c.h; path = ExerciseCell.h; sourceTree = "<group>"; };
		1ABFF54D1595F53A004C7EE1 /* ExerciseCell.m */ = {isa = PBXFileReference; fileEncoding = 4; lastKnownFileType = sourcecode.c.objc; path = ExerciseCell.m; sourceTree = "<group>"; };
		1ABFF5511595F804004C7EE1 /* ExerciseTableDelegate.h */ = {isa = PBXFileReference; fileEncoding = 4; lastKnownFileType = sourcecode.c.h; path = ExerciseTableDelegate.h; sourceTree = "<group>"; };
		1ABFF5521595F804004C7EE1 /* ExerciseTableDelegate.m */ = {isa = PBXFileReference; fileEncoding = 4; lastKnownFileType = sourcecode.c.objc; path = ExerciseTableDelegate.m; sourceTree = "<group>"; };
		1AC215E315E0AE5700B4902A /* CurrentExerciseCell.h */ = {isa = PBXFileReference; fileEncoding = 4; lastKnownFileType = sourcecode.c.h; path = CurrentExerciseCell.h; sourceTree = "<group>"; };
		1AC215E415E0AE5700B4902A /* CurrentExerciseCell.m */ = {isa = PBXFileReference; fileEncoding = 4; lastKnownFileType = sourcecode.c.objc; path = CurrentExerciseCell.m; sourceTree = "<group>"; };
		1AD7CE6D15D122B300651C52 /* CurrentViewController.h */ = {isa = PBXFileReference; fileEncoding = 4; lastKnownFileType = sourcecode.c.h; path = CurrentViewController.h; sourceTree = "<group>"; };
		1AD7CE6E15D122B300651C52 /* CurrentViewController.m */ = {isa = PBXFileReference; fileEncoding = 4; lastKnownFileType = sourcecode.c.objc; path = CurrentViewController.m; sourceTree = "<group>"; };
		1AD8045A15DA78E50004F95A /* Actions-dialog-cancel-icon.png */ = {isa = PBXFileReference; lastKnownFileType = image.png; path = "Actions-dialog-cancel-icon.png"; sourceTree = "<group>"; };
		1AD8045B15DA78E50004F95A /* Actions-dialog-close-icon.png */ = {isa = PBXFileReference; lastKnownFileType = image.png; path = "Actions-dialog-close-icon.png"; sourceTree = "<group>"; };
		1AD8045C15DA78E50004F95A /* Actions-dialog-ok-apply-icon.png */ = {isa = PBXFileReference; lastKnownFileType = image.png; path = "Actions-dialog-ok-apply-icon.png"; sourceTree = "<group>"; };
		1AD8045D15DA78E50004F95A /* Actions-dialog-ok-icon.png */ = {isa = PBXFileReference; lastKnownFileType = image.png; path = "Actions-dialog-ok-icon.png"; sourceTree = "<group>"; };
		1AD8046315DA792E0004F95A /* Actions-chronometer-icon.png */ = {isa = PBXFileReference; lastKnownFileType = image.png; path = "Actions-chronometer-icon.png"; sourceTree = "<group>"; };
		1AD8046415DA792F0004F95A /* Actions-document-edit-icon.png */ = {isa = PBXFileReference; lastKnownFileType = image.png; path = "Actions-document-edit-icon.png"; sourceTree = "<group>"; };
		1ADF8D7C15BE6C8100356568 /* batthern.png */ = {isa = PBXFileReference; lastKnownFileType = image.png; path = batthern.png; sourceTree = "<group>"; };
		1ADF8D7D15BE6C8100356568 /* black_linen_v2.png */ = {isa = PBXFileReference; lastKnownFileType = image.png; path = black_linen_v2.png; sourceTree = "<group>"; };
		1ADF8D7E15BE6C8100356568 /* bo_play_pattern.png */ = {isa = PBXFileReference; lastKnownFileType = image.png; path = bo_play_pattern.png; sourceTree = "<group>"; };
		1ADF8D7F15BE6C8100356568 /* brushed_alu.png */ = {isa = PBXFileReference; lastKnownFileType = image.png; path = brushed_alu.png; sourceTree = "<group>"; };
		1ADF8D8015BE6C8100356568 /* brushed_alu_dark.png */ = {isa = PBXFileReference; lastKnownFileType = image.png; path = brushed_alu_dark.png; sourceTree = "<group>"; };
		1ADF8D8115BE6C8100356568 /* carbon_fibre.png */ = {isa = PBXFileReference; lastKnownFileType = image.png; path = carbon_fibre.png; sourceTree = "<group>"; };
		1ADF8D8215BE6C8100356568 /* cartographer.png */ = {isa = PBXFileReference; lastKnownFileType = image.png; path = cartographer.png; sourceTree = "<group>"; };
		1ADF8D8315BE6C8100356568 /* dark_brick_wall.png */ = {isa = PBXFileReference; lastKnownFileType = image.png; path = dark_brick_wall.png; sourceTree = "<group>"; };
		1ADF8D8415BE6C8100356568 /* dark_leather.png */ = {isa = PBXFileReference; lastKnownFileType = image.png; path = dark_leather.png; sourceTree = "<group>"; };
		1ADF8D8515BE6C8100356568 /* dark_Tire.png */ = {isa = PBXFileReference; lastKnownFileType = image.png; path = dark_Tire.png; sourceTree = "<group>"; };
		1ADF8D8615BE6C8100356568 /* dark_wall.png */ = {isa = PBXFileReference; lastKnownFileType = image.png; path = dark_wall.png; sourceTree = "<group>"; };
		1ADF8D8715BE6C8100356568 /* dirty_old_shirt.png */ = {isa = PBXFileReference; lastKnownFileType = image.png; path = dirty_old_shirt.png; sourceTree = "<group>"; };
		1ADF8D8815BE6C8100356568 /* gplaypattern.png */ = {isa = PBXFileReference; lastKnownFileType = image.png; path = gplaypattern.png; sourceTree = "<group>"; };
		1ADF8D8915BE6C8100356568 /* gray_sand.png */ = {isa = PBXFileReference; lastKnownFileType = image.png; path = gray_sand.png; sourceTree = "<group>"; };
		1ADF8D8A15BE6C8100356568 /* gun_metal.png */ = {isa = PBXFileReference; lastKnownFileType = image.png; path = gun_metal.png; sourceTree = "<group>"; };
		1ADF8D8B15BE6C8100356568 /* low_contrast_linen.png */ = {isa = PBXFileReference; lastKnownFileType = image.png; path = low_contrast_linen.png; sourceTree = "<group>"; };
		1ADF8D8C15BE6C8100356568 /* smooth_wall.png */ = {isa = PBXFileReference; lastKnownFileType = image.png; path = smooth_wall.png; sourceTree = "<group>"; };
		1ADF8D8D15BE6C8100356568 /* tactile_noise.png */ = {isa = PBXFileReference; lastKnownFileType = image.png; path = tactile_noise.png; sourceTree = "<group>"; };
		1ADF8D8E15BE6C8100356568 /* tex2res4.png */ = {isa = PBXFileReference; lastKnownFileType = image.png; path = tex2res4.png; sourceTree = "<group>"; };
		1ADF8D8F15BE6C8100356568 /* triangles.png */ = {isa = PBXFileReference; lastKnownFileType = image.png; path = triangles.png; sourceTree = "<group>"; };
		1AE841D915CBC43500EE9724 /* Program.h */ = {isa = PBXFileReference; fileEncoding = 4; lastKnownFileType = sourcecode.c.h; path = Program.h; sourceTree = "<group>"; };
		1AE841DA15CBC43500EE9724 /* Program.m */ = {isa = PBXFileReference; fileEncoding = 4; lastKnownFileType = sourcecode.c.objc; path = Program.m; sourceTree = "<group>"; };
		1AE841E315CBF5D600EE9724 /* De fréu Favourites.PNG */ = {isa = PBXFileReference; lastKnownFileType = image.png; name = "De fréu Favourites.PNG"; path = "../../../../../Pictures/icons/De_Freu___Icon_Pack__by_Uribaani/PNG Files/Misc/De fréu Favourites.PNG"; sourceTree = "<group>"; };
		1AE841E415CBF5D600EE9724 /* De fréu Upload.PNG */ = {isa = PBXFileReference; lastKnownFileType = image.png; name = "De fréu Upload.PNG"; path = "../../../../../Pictures/icons/De_Freu___Icon_Pack__by_Uribaani/PNG Files/Misc/De fréu Upload.PNG"; sourceTree = "<group>"; };
		1AE841E815CBF64E00EE9724 /* MB_0018_viewer.png */ = {isa = PBXFileReference; lastKnownFileType = image.png; name = MB_0018_viewer.png; path = "../../../../../Pictures/icons/MetroStation-PNG/PNG/Media/Black/MB_0018_viewer.png"; sourceTree = "<group>"; };
		1AE841EA15CBF65C00EE9724 /* MB_0024_YT2.png */ = {isa = PBXFileReference; lastKnownFileType = image.png; name = MB_0024_YT2.png; path = "../../../../../Pictures/icons/MetroStation-PNG/PNG/Media/Black/MB_0024_YT2.png"; sourceTree = "<group>"; };
		1AE841EC15CBF67900EE9724 /* MB_0004_favs2.png */ = {isa = PBXFileReference; lastKnownFileType = image.png; name = MB_0004_favs2.png; path = "../../../../../Pictures/icons/MetroStation-PNG/PNG/Others/Black/MB_0004_favs2.png"; sourceTree = "<group>"; };
		1AE841EE15CBF68900EE9724 /* MB_0019_plus.png */ = {isa = PBXFileReference; lastKnownFileType = image.png; name = MB_0019_plus.png; path = "../../../../../Pictures/icons/MetroStation-PNG/PNG/Others/Black/MB_0019_plus.png"; sourceTree = "<group>"; };
		1AE841F015CBF6A900EE9724 /* MB_0005_sett_small.png */ = {isa = PBXFileReference; lastKnownFileType = image.png; name = MB_0005_sett_small.png; path = "../../../../../Pictures/icons/MetroStation-PNG/PNG/System/Black/MB_0005_sett_small.png"; sourceTree = "<group>"; };
		1AE841F215CBF6B500EE9724 /* MB_0006_back.png */ = {isa = PBXFileReference; lastKnownFileType = image.png; name = MB_0006_back.png; path = "../../../../../Pictures/icons/MetroStation-PNG/PNG/System/Black/MB_0006_back.png"; sourceTree = "<group>"; };
		1AE841F415CBF6C900EE9724 /* MB_0020_sett-big.png */ = {isa = PBXFileReference; lastKnownFileType = image.png; name = "MB_0020_sett-big.png"; path = "../../../../../Pictures/icons/MetroStation-PNG/PNG/System/Black/MB_0020_sett-big.png"; sourceTree = "<group>"; };
		1AE841F615CBF6F600EE9724 /* button_black_eject.png */ = {isa = PBXFileReference; lastKnownFileType = image.png; name = button_black_eject.png; path = "../../../../../Pictures/icons/Primo Icons-png/PNG/button_black_eject.png"; sourceTree = "<group>"; };
		1AE841F715CBF6F600EE9724 /* button_black_ffw.png */ = {isa = PBXFileReference; lastKnownFileType = image.png; name = button_black_ffw.png; path = "../../../../../Pictures/icons/Primo Icons-png/PNG/button_black_ffw.png"; sourceTree = "<group>"; };
		1AE841F815CBF6F600EE9724 /* button_black_first.png */ = {isa = PBXFileReference; lastKnownFileType = image.png; name = button_black_first.png; path = "../../../../../Pictures/icons/Primo Icons-png/PNG/button_black_first.png"; sourceTree = "<group>"; };
		1AE841F915CBF6F600EE9724 /* button_black_last.png */ = {isa = PBXFileReference; lastKnownFileType = image.png; name = button_black_last.png; path = "../../../../../Pictures/icons/Primo Icons-png/PNG/button_black_last.png"; sourceTree = "<group>"; };
		1AE841FA15CBF6F600EE9724 /* button_black_pause.png */ = {isa = PBXFileReference; lastKnownFileType = image.png; name = button_black_pause.png; path = "../../../../../Pictures/icons/Primo Icons-png/PNG/button_black_pause.png"; sourceTree = "<group>"; };
		1AE841FB15CBF6F600EE9724 /* button_black_play.png */ = {isa = PBXFileReference; lastKnownFileType = image.png; name = button_black_play.png; path = "../../../../../Pictures/icons/Primo Icons-png/PNG/button_black_play.png"; sourceTree = "<group>"; };
		1AE841FC15CBF6F600EE9724 /* button_black_rec.png */ = {isa = PBXFileReference; lastKnownFileType = image.png; name = button_black_rec.png; path = "../../../../../Pictures/icons/Primo Icons-png/PNG/button_black_rec.png"; sourceTree = "<group>"; };
		1AE841FD15CBF6F600EE9724 /* button_black_repeat.png */ = {isa = PBXFileReference; lastKnownFileType = image.png; name = button_black_repeat.png; path = "../../../../../Pictures/icons/Primo Icons-png/PNG/button_black_repeat.png"; sourceTree = "<group>"; };
		1AE841FE15CBF6F600EE9724 /* button_black_rew.png */ = {isa = PBXFileReference; lastKnownFileType = image.png; name = button_black_rew.png; path = "../../../../../Pictures/icons/Primo Icons-png/PNG/button_black_rew.png"; sourceTree = "<group>"; };
		1AE841FF15CBF6F600EE9724 /* button_black_stop.png */ = {isa = PBXFileReference; lastKnownFileType = image.png; name = button_black_stop.png; path = "../../../../../Pictures/icons/Primo Icons-png/PNG/button_black_stop.png"; sourceTree = "<group>"; };
		1AF76B3E1599F16600417F1D /* ExerciseTimer.h */ = {isa = PBXFileReference; fileEncoding = 4; lastKnownFileType = sourcecode.c.h; path = ExerciseTimer.h; sourceTree = "<group>"; };
		1AF76B3F1599F16600417F1D /* ExerciseTimer.m */ = {isa = PBXFileReference; fileEncoding = 4; lastKnownFileType = sourcecode.c.objc; path = ExerciseTimer.m; sourceTree = "<group>"; };
		1AFADC5E15BEC890006B03BC /* TimerAlertDelegate.h */ = {isa = PBXFileReference; lastKnownFileType = sourcecode.c.h; name = TimerAlertDelegate.h; path = ../TimerAlertDelegate.h; sourceTree = "<group>"; };
		1AFADC6515BEDD9E006B03BC /* sound.aif */ = {isa = PBXFileReference; lastKnownFileType = file; path = sound.aif; sourceTree = "<group>"; };
		1AFADC6715BEDED6006B03BC /* AudioToolbox.framework */ = {isa = PBXFileReference; lastKnownFileType = wrapper.framework; name = AudioToolbox.framework; path = System/Library/Frameworks/AudioToolbox.framework; sourceTree = SDKROOT; };
/* End PBXFileReference section */

/* Begin PBXFrameworksBuildPhase section */
		1ABFF5191595A63E004C7EE1 /* Frameworks */ = {
			isa = PBXFrameworksBuildPhase;
			buildActionMask = 2147483647;
			files = (
				1AFADC6815BEDED6006B03BC /* AudioToolbox.framework in Frameworks */,
				1ABFF5211595A63E004C7EE1 /* UIKit.framework in Frameworks */,
				1ABFF5231595A63F004C7EE1 /* Foundation.framework in Frameworks */,
				1ABFF5251595A63F004C7EE1 /* CoreGraphics.framework in Frameworks */,
			);
			runOnlyForDeploymentPostprocessing = 0;
		};
/* End PBXFrameworksBuildPhase section */

/* Begin PBXGroup section */
		1A1D25DB15D7D027002574F5 /* Summary View */ = {
			isa = PBXGroup;
			children = (
				1A1D25DC15D7D040002574F5 /* SummaryParentCell.h */,
				1A1D25DD15D7D040002574F5 /* SummaryParentCell.m */,
				1A94D92A15D7DBE90032228B /* SummaryChildCell.h */,
				1A94D92B15D7DBE90032228B /* SummaryChildCell.m */,
				1AC215E315E0AE5700B4902A /* CurrentExerciseCell.h */,
				1AC215E415E0AE5700B4902A /* CurrentExerciseCell.m */,
			);
			name = "Summary View";
			sourceTree = "<group>";
		};
		1A60FCB215CE0EA30093380B /* time */ = {
			isa = PBXGroup;
			children = (
				1AF76B3E1599F16600417F1D /* ExerciseTimer.h */,
				1AF76B3F1599F16600417F1D /* ExerciseTimer.m */,
				1A60FCB415CE0EF70093380B /* ProgramTimer.h */,
				1A60FCB515CE0EF70093380B /* ProgramTimer.m */,
				1AFADC5E15BEC890006B03BC /* TimerAlertDelegate.h */,
				1A60FCB715CE10770093380B /* ProgramTimerObserver.h */,
			);
			name = time;
			sourceTree = "<group>";
		};
		1A60FCB815CE9F3E0093380B /* sound */ = {
			isa = PBXGroup;
			children = (
				1AFADC6515BEDD9E006B03BC /* sound.aif */,
			);
			name = sound;
			sourceTree = "<group>";
		};
		1A60FCB915CE9F540093380B /* models */ = {
			isa = PBXGroup;
			children = (
				1A0B08A415C0293C00567BBD /* WeightExercise.h */,
				1A0B08A515C0293C00567BBD /* WeightExercise.m */,
				1ABFF54A1595F53A004C7EE1 /* Exercise.h */,
				1ABFF54B1595F53A004C7EE1 /* Exercise.m */,
				1AE841D915CBC43500EE9724 /* Program.h */,
				1AE841DA15CBC43500EE9724 /* Program.m */,
				1AA54EBA15DBDB7A002E6083 /* Set.h */,
				1AA54EBB15DBDB7A002E6083 /* Set.m */,
				1AA54EBE15DBDCEB002E6083 /* Intensity.h */,
			);
			name = models;
			sourceTree = "<group>";
		};
		1A60FCBA15CE9F800093380B /* program view */ = {
			isa = PBXGroup;
			children = (
				1A51BA9915CD2A2E001A0BD4 /* ProgramStatusProtocol.h */,
				1ABFF54C1595F53A004C7EE1 /* ExerciseCell.h */,
				1ABFF54D1595F53A004C7EE1 /* ExerciseCell.m */,
				1ABFF5511595F804004C7EE1 /* ExerciseTableDelegate.h */,
				1ABFF5521595F804004C7EE1 /* ExerciseTableDelegate.m */,
				1ABFF5441595F427004C7EE1 /* ExerciseDataController.h */,
				1ABFF5451595F427004C7EE1 /* ExerciseDataController.m */,
			);
			name = "program view";
			sourceTree = "<group>";
		};
		1A60FCBB15CE9FA00093380B /* controls */ = {
			isa = PBXGroup;
			children = (
				1A0B08A815C02C8300567BBD /* ExerciseWeightOrTimeMode.h */,
				1A3EC3C815A1D8F900282EA4 /* ExercisePickerControllerProtocol.h */,
				1AA6360515A049EB00938C5F /* ExercisePickerDelegate.h */,
				1AA6360615A049EB00938C5F /* ExercisePickerDelegate.m */,
			);
			name = controls;
			sourceTree = "<group>";
		};
		1ABD3F0D15C00414002E9520 /* icons */ = {
			isa = PBXGroup;
			children = (
				1AD8046315DA792E0004F95A /* Actions-chronometer-icon.png */,
				1AD8046415DA792F0004F95A /* Actions-document-edit-icon.png */,
				1AD8045A15DA78E50004F95A /* Actions-dialog-cancel-icon.png */,
				1AD8045B15DA78E50004F95A /* Actions-dialog-close-icon.png */,
				1AD8045C15DA78E50004F95A /* Actions-dialog-ok-apply-icon.png */,
				1AD8045D15DA78E50004F95A /* Actions-dialog-ok-icon.png */,
				1AE841F215CBF6B500EE9724 /* MB_0006_back.png */,
				1AE841F415CBF6C900EE9724 /* MB_0020_sett-big.png */,
				1AE841F615CBF6F600EE9724 /* button_black_eject.png */,
				1AE841F715CBF6F600EE9724 /* button_black_ffw.png */,
				1AE841F815CBF6F600EE9724 /* button_black_first.png */,
				1AE841F915CBF6F600EE9724 /* button_black_last.png */,
				1AE841FA15CBF6F600EE9724 /* button_black_pause.png */,
				1AE841FB15CBF6F600EE9724 /* button_black_play.png */,
				1AE841FC15CBF6F600EE9724 /* button_black_rec.png */,
				1AE841FD15CBF6F600EE9724 /* button_black_repeat.png */,
				1AE841FE15CBF6F600EE9724 /* button_black_rew.png */,
				1AE841FF15CBF6F600EE9724 /* button_black_stop.png */,
				1AE841F015CBF6A900EE9724 /* MB_0005_sett_small.png */,
				1AE841EE15CBF68900EE9724 /* MB_0019_plus.png */,
				1AE841EC15CBF67900EE9724 /* MB_0004_favs2.png */,
				1AE841EA15CBF65C00EE9724 /* MB_0024_YT2.png */,
				1AE841E815CBF64E00EE9724 /* MB_0018_viewer.png */,
				1AE841E315CBF5D600EE9724 /* De fréu Favourites.PNG */,
				1AE841E415CBF5D600EE9724 /* De fréu Upload.PNG */,
				1ABD3F0E15C00414002E9520 /* Clock-Icon2-by-Nagaya.png */,
				1ABD3F0F15C00414002E9520 /* clock44x44.png */,
				1ABD3F1015C00414002E9520 /* physical_education 400x400.png */,
				1ABD3F1115C00414002E9520 /* physical_education 72x72.png */,
				1ABD3F1215C00414002E9520 /* physical_education.png */,
				1ABD3F1315C00414002E9520 /* weights44x44.png */,
			);
			name = icons;
			path = SampleMultiview/icons;
			sourceTree = "<group>";
		};
		1ABECA1615D4F0CC00A199F7 /* Load Program View */ = {
			isa = PBXGroup;
			children = (
				1ABECA1815D4F0E300A199F7 /* LoadProgramViewController.h */,
				1ABECA1915D4F0E300A199F7 /* LoadProgramViewController.m */,
				1ABECA1B15D53D8B00A199F7 /* LoadProgramObserver.h */,
				1A95729215D5FE890051E864 /* LoadProgramTableDelegate.h */,
				1A95729315D5FE890051E864 /* LoadProgramTableDelegate.m */,
				1A95729C15D603FA0051E864 /* LoadProgramCell.h */,
				1A95729D15D603FA0051E864 /* LoadProgramCell.m */,
			);
			name = "Load Program View";
			sourceTree = "<group>";
		};
		1ABFF5111595A63E004C7EE1 = {
			isa = PBXGroup;
			children = (
				1ABD3F0D15C00414002E9520 /* icons */,
				1AFADC6715BEDED6006B03BC /* AudioToolbox.framework */,
				1ADF8D7B15BE6C8100356568 /* backgrounds */,
				1A582F3F15AC49CA004C1A9B /* iTunesArtwork */,
				1A9E40EB15A45FF4001A189C /* Default-Landscape@2x~ipad.png */,
				1A9E40E915A45FE4001A189C /* Default-Landscape~ipad.png */,
				1A9E40E715A45FC4001A189C /* 144x144.png */,
				1A9E40E515A45FAC001A189C /* 72x72.png */,
				1ABFF5261595A63F004C7EE1 /* GymApp */,
				1ABFF51F1595A63E004C7EE1 /* Frameworks */,
				1ABFF51D1595A63E004C7EE1 /* Products */,
			);
			sourceTree = "<group>";
		};
		1ABFF51D1595A63E004C7EE1 /* Products */ = {
			isa = PBXGroup;
			children = (
				1ABFF51C1595A63E004C7EE1 /* GymApp.app */,
			);
			name = Products;
			sourceTree = "<group>";
		};
		1ABFF51F1595A63E004C7EE1 /* Frameworks */ = {
			isa = PBXGroup;
			children = (
				1ABFF5201595A63E004C7EE1 /* UIKit.framework */,
				1ABFF5221595A63E004C7EE1 /* Foundation.framework */,
				1ABFF5241595A63F004C7EE1 /* CoreGraphics.framework */,
			);
			name = Frameworks;
			sourceTree = "<group>";
		};
		1ABFF5261595A63F004C7EE1 /* GymApp */ = {
			isa = PBXGroup;
			children = (
				1ABFF5371595A65A004C7EE1 /* Storyboard.storyboard */,
				1ABFF52F1595A63F004C7EE1 /* GymAppDelegate.h */,
				1ABFF5301595A63F004C7EE1 /* GymAppDelegate.m */,
				1ABECA1615D4F0CC00A199F7 /* Load Program View */,
				1AD7CE6A15D11DC100651C52 /* Main View */,
				1AD7CE6C15D11DCA00651C52 /* Full Program View */,
				1A60FCB915CE9F540093380B /* models */,
				1ABFF5271595A63F004C7EE1 /* Supporting Files */,
			);
			name = GymApp;
			path = SampleMultiview;
			sourceTree = "<group>";
		};
		1ABFF5271595A63F004C7EE1 /* Supporting Files */ = {
			isa = PBXGroup;
			children = (
				1ABFF5281595A63F004C7EE1 /* GymApp-Info.plist */,
				1ABFF5291595A63F004C7EE1 /* InfoPlist.strings */,
				1ABFF52C1595A63F004C7EE1 /* main.m */,
				1ABFF52E1595A63F004C7EE1 /* GymApp-Prefix.pch */,
				1A0F0EEB15BBBEF900A25C21 /* Entitlements.plist */,
			);
			name = "Supporting Files";
			sourceTree = "<group>";
		};
		1AD7CE6A15D11DC100651C52 /* Main View */ = {
			isa = PBXGroup;
			children = (
				1AD7CE6D15D122B300651C52 /* CurrentViewController.h */,
				1AD7CE6E15D122B300651C52 /* CurrentViewController.m */,
				1A1D25DB15D7D027002574F5 /* Summary View */,
				1A60FCB815CE9F3E0093380B /* sound */,
				1A60FCB215CE0EA30093380B /* time */,
			);
			name = "Main View";
			sourceTree = "<group>";
		};
		1AD7CE6C15D11DCA00651C52 /* Full Program View */ = {
			isa = PBXGroup;
			children = (
				1ABFF5391595E634004C7EE1 /* ProgramViewController.h */,
				1ABFF53A1595E634004C7EE1 /* ProgramViewController.m */,
				1A79A40C15D67ECC00DF09C2 /* ProgramChangedObserver.h */,
				1A60FCBB15CE9FA00093380B /* controls */,
				1A60FCBA15CE9F800093380B /* program view */,
			);
			name = "Full Program View";
			sourceTree = "<group>";
		};
		1ADF8D7B15BE6C8100356568 /* backgrounds */ = {
			isa = PBXGroup;
			children = (
				1ADF8D7C15BE6C8100356568 /* batthern.png */,
				1ADF8D7D15BE6C8100356568 /* black_linen_v2.png */,
				1ADF8D7E15BE6C8100356568 /* bo_play_pattern.png */,
				1ADF8D7F15BE6C8100356568 /* brushed_alu.png */,
				1ADF8D8015BE6C8100356568 /* brushed_alu_dark.png */,
				1ADF8D8115BE6C8100356568 /* carbon_fibre.png */,
				1ADF8D8215BE6C8100356568 /* cartographer.png */,
				1ADF8D8315BE6C8100356568 /* dark_brick_wall.png */,
				1ADF8D8415BE6C8100356568 /* dark_leather.png */,
				1ADF8D8515BE6C8100356568 /* dark_Tire.png */,
				1ADF8D8615BE6C8100356568 /* dark_wall.png */,
				1ADF8D8715BE6C8100356568 /* dirty_old_shirt.png */,
				1ADF8D8815BE6C8100356568 /* gplaypattern.png */,
				1ADF8D8915BE6C8100356568 /* gray_sand.png */,
				1ADF8D8A15BE6C8100356568 /* gun_metal.png */,
				1ADF8D8B15BE6C8100356568 /* low_contrast_linen.png */,
				1ADF8D8C15BE6C8100356568 /* smooth_wall.png */,
				1ADF8D8D15BE6C8100356568 /* tactile_noise.png */,
				1ADF8D8E15BE6C8100356568 /* tex2res4.png */,
				1ADF8D8F15BE6C8100356568 /* triangles.png */,
			);
			name = backgrounds;
			path = SampleMultiview/backgrounds;
			sourceTree = "<group>";
		};
/* End PBXGroup section */

/* Begin PBXNativeTarget section */
		1ABFF51B1595A63E004C7EE1 /* GymApp */ = {
			isa = PBXNativeTarget;
			buildConfigurationList = 1ABFF5341595A63F004C7EE1 /* Build configuration list for PBXNativeTarget "GymApp" */;
			buildPhases = (
				1ABFF5181595A63E004C7EE1 /* Sources */,
				1ABFF5191595A63E004C7EE1 /* Frameworks */,
				1ABFF51A1595A63E004C7EE1 /* Resources */,
			);
			buildRules = (
			);
			dependencies = (
			);
			name = GymApp;
			productName = SampleMultiview;
			productReference = 1ABFF51C1595A63E004C7EE1 /* GymApp.app */;
			productType = "com.apple.product-type.application";
		};
/* End PBXNativeTarget section */

/* Begin PBXProject section */
		1ABFF5131595A63E004C7EE1 /* Project object */ = {
			isa = PBXProject;
			attributes = {
				CLASSPREFIX = Sample;
				LastUpgradeCheck = 0430;
			};
			buildConfigurationList = 1ABFF5161595A63E004C7EE1 /* Build configuration list for PBXProject "GymApp" */;
			compatibilityVersion = "Xcode 3.2";
			developmentRegion = English;
			hasScannedForEncodings = 0;
			knownRegions = (
				en,
			);
			mainGroup = 1ABFF5111595A63E004C7EE1;
			productRefGroup = 1ABFF51D1595A63E004C7EE1 /* Products */;
			projectDirPath = "";
			projectRoot = "";
			targets = (
				1ABFF51B1595A63E004C7EE1 /* GymApp */,
			);
		};
/* End PBXProject section */

/* Begin PBXResourcesBuildPhase section */
		1ABFF51A1595A63E004C7EE1 /* Resources */ = {
			isa = PBXResourcesBuildPhase;
			buildActionMask = 2147483647;
			files = (
				1ABFF52B1595A63F004C7EE1 /* InfoPlist.strings in Resources */,
				1ABFF5381595A65A004C7EE1 /* Storyboard.storyboard in Resources */,
				1A9E40E615A45FAC001A189C /* 72x72.png in Resources */,
				1A9E40E815A45FC4001A189C /* 144x144.png in Resources */,
				1A582F4015AC49CA004C1A9B /* iTunesArtwork in Resources */,
				1A0F0EEC15BBBEF900A25C21 /* Entitlements.plist in Resources */,
				1ADF8D9015BE6C8100356568 /* batthern.png in Resources */,
				1ADF8D9115BE6C8100356568 /* black_linen_v2.png in Resources */,
				1ADF8D9215BE6C8100356568 /* bo_play_pattern.png in Resources */,
				1ADF8D9315BE6C8100356568 /* brushed_alu.png in Resources */,
				1ADF8D9415BE6C8100356568 /* brushed_alu_dark.png in Resources */,
				1ADF8D9515BE6C8100356568 /* carbon_fibre.png in Resources */,
				1ADF8D9615BE6C8100356568 /* cartographer.png in Resources */,
				1ADF8D9715BE6C8100356568 /* dark_brick_wall.png in Resources */,
				1ADF8D9815BE6C8100356568 /* dark_leather.png in Resources */,
				1ADF8D9915BE6C8100356568 /* dark_Tire.png in Resources */,
				1ADF8D9A15BE6C8100356568 /* dark_wall.png in Resources */,
				1ADF8D9B15BE6C8100356568 /* dirty_old_shirt.png in Resources */,
				1ADF8D9C15BE6C8100356568 /* gplaypattern.png in Resources */,
				1ADF8D9D15BE6C8100356568 /* gray_sand.png in Resources */,
				1ADF8D9E15BE6C8100356568 /* gun_metal.png in Resources */,
				1ADF8D9F15BE6C8100356568 /* low_contrast_linen.png in Resources */,
				1ADF8DA015BE6C8100356568 /* smooth_wall.png in Resources */,
				1ADF8DA115BE6C8100356568 /* tactile_noise.png in Resources */,
				1ADF8DA215BE6C8100356568 /* tex2res4.png in Resources */,
				1ADF8DA315BE6C8100356568 /* triangles.png in Resources */,
				1AFADC6615BEDD9E006B03BC /* sound.aif in Resources */,
				1ABD3F1415C00414002E9520 /* Clock-Icon2-by-Nagaya.png in Resources */,
				1ABD3F1515C00414002E9520 /* clock44x44.png in Resources */,
				1ABD3F1615C00414002E9520 /* physical_education 400x400.png in Resources */,
				1ABD3F1715C00414002E9520 /* physical_education 72x72.png in Resources */,
				1ABD3F1815C00414002E9520 /* physical_education.png in Resources */,
				1ABD3F1915C00414002E9520 /* weights44x44.png in Resources */,
				1AE841E515CBF5D600EE9724 /* De fréu Favourites.PNG in Resources */,
				1AE841E615CBF5D600EE9724 /* De fréu Upload.PNG in Resources */,
				1AE841E915CBF64E00EE9724 /* MB_0018_viewer.png in Resources */,
				1AE841EB15CBF65C00EE9724 /* MB_0024_YT2.png in Resources */,
				1AE841ED15CBF67900EE9724 /* MB_0004_favs2.png in Resources */,
				1AE841EF15CBF68900EE9724 /* MB_0019_plus.png in Resources */,
				1AE841F115CBF6A900EE9724 /* MB_0005_sett_small.png in Resources */,
				1AE841F315CBF6B500EE9724 /* MB_0006_back.png in Resources */,
				1AE841F515CBF6C900EE9724 /* MB_0020_sett-big.png in Resources */,
				1AE8420015CBF6F600EE9724 /* button_black_eject.png in Resources */,
				1AE8420115CBF6F600EE9724 /* button_black_ffw.png in Resources */,
				1AE8420215CBF6F600EE9724 /* button_black_first.png in Resources */,
				1AE8420315CBF6F600EE9724 /* button_black_last.png in Resources */,
				1AE8420415CBF6F600EE9724 /* button_black_pause.png in Resources */,
				1AE8420515CBF6F600EE9724 /* button_black_play.png in Resources */,
				1AE8420615CBF6F600EE9724 /* button_black_rec.png in Resources */,
				1AE8420715CBF6F600EE9724 /* button_black_repeat.png in Resources */,
				1AE8420815CBF6F600EE9724 /* button_black_rew.png in Resources */,
				1AE8420915CBF6F600EE9724 /* button_black_stop.png in Resources */,
				1AD8045E15DA78E60004F95A /* Actions-dialog-cancel-icon.png in Resources */,
				1AD8045F15DA78E60004F95A /* Actions-dialog-close-icon.png in Resources */,
				1AD8046015DA78E60004F95A /* Actions-dialog-ok-apply-icon.png in Resources */,
				1AD8046115DA78E60004F95A /* Actions-dialog-ok-icon.png in Resources */,
				1AD8046515DA792F0004F95A /* Actions-chronometer-icon.png in Resources */,
				1AD8046615DA792F0004F95A /* Actions-document-edit-icon.png in Resources */,
			);
			runOnlyForDeploymentPostprocessing = 0;
		};
/* End PBXResourcesBuildPhase section */

/* Begin PBXSourcesBuildPhase section */
		1ABFF5181595A63E004C7EE1 /* Sources */ = {
			isa = PBXSourcesBuildPhase;
			buildActionMask = 2147483647;
			files = (
				1ABFF52D1595A63F004C7EE1 /* main.m in Sources */,
				1ABFF5311595A63F004C7EE1 /* GymAppDelegate.m in Sources */,
				1ABFF53B1595E634004C7EE1 /* ProgramViewController.m in Sources */,
				1ABFF5461595F427004C7EE1 /* ExerciseDataController.m in Sources */,
				1ABFF54F1595F53A004C7EE1 /* Exercise.m in Sources */,
				1ABFF5501595F53A004C7EE1 /* ExerciseCell.m in Sources */,
				1ABFF5531595F804004C7EE1 /* ExerciseTableDelegate.m in Sources */,
				1AF76B401599F16600417F1D /* ExerciseTimer.m in Sources */,
				1AA6360715A049EB00938C5F /* ExercisePickerDelegate.m in Sources */,
				1A0B08A615C0293C00567BBD /* WeightExercise.m in Sources */,
				1AE841DB15CBC43500EE9724 /* Program.m in Sources */,
				1A60FCB615CE0EF70093380B /* ProgramTimer.m in Sources */,
				1AD7CE6F15D122B300651C52 /* CurrentViewController.m in Sources */,
				1ABECA1A15D4F0E300A199F7 /* LoadProgramViewController.m in Sources */,
				1A95729415D5FE890051E864 /* LoadProgramTableDelegate.m in Sources */,
				1A95729E15D603FA0051E864 /* LoadProgramCell.m in Sources */,
				1A1D25DE15D7D040002574F5 /* SummaryParentCell.m in Sources */,
				1A94D92C15D7DBE90032228B /* SummaryChildCell.m in Sources */,
				1AA54EBC15DBDB7A002E6083 /* Set.m in Sources */,
				1AC215E515E0AE5700B4902A /* CurrentExerciseCell.m in Sources */,
			);
			runOnlyForDeploymentPostprocessing = 0;
		};
/* End PBXSourcesBuildPhase section */

/* Begin PBXVariantGroup section */
		1ABFF5291595A63F004C7EE1 /* InfoPlist.strings */ = {
			isa = PBXVariantGroup;
			children = (
				1ABFF52A1595A63F004C7EE1 /* en */,
			);
			name = InfoPlist.strings;
			sourceTree = "<group>";
		};
/* End PBXVariantGroup section */

/* Begin XCBuildConfiguration section */
		1ABFF5321595A63F004C7EE1 /* Debug */ = {
			isa = XCBuildConfiguration;
			buildSettings = {
				ALWAYS_SEARCH_USER_PATHS = NO;
				ARCHS = "$(ARCHS_STANDARD_32_BIT)";
				CLANG_ENABLE_OBJC_ARC = YES;
				"CODE_SIGN_IDENTITY[sdk=iphoneos*]" = "iPhone Developer";
				COPY_PHASE_STRIP = NO;
				GCC_C_LANGUAGE_STANDARD = gnu99;
				GCC_DYNAMIC_NO_PIC = NO;
				GCC_OPTIMIZATION_LEVEL = 0;
				GCC_PREPROCESSOR_DEFINITIONS = (
					"DEBUG=1",
					"$(inherited)",
				);
				GCC_SYMBOLS_PRIVATE_EXTERN = NO;
				GCC_VERSION = com.apple.compilers.llvm.clang.1_0;
				GCC_WARN_ABOUT_RETURN_TYPE = YES;
				GCC_WARN_UNINITIALIZED_AUTOS = YES;
				GCC_WARN_UNUSED_VARIABLE = YES;
				IPHONEOS_DEPLOYMENT_TARGET = 5.1;
				SDKROOT = iphoneos;
				TARGETED_DEVICE_FAMILY = 2;
			};
			name = Debug;
		};
		1ABFF5331595A63F004C7EE1 /* Release */ = {
			isa = XCBuildConfiguration;
			buildSettings = {
				ALWAYS_SEARCH_USER_PATHS = NO;
				ARCHS = "$(ARCHS_STANDARD_32_BIT)";
				CLANG_ENABLE_OBJC_ARC = YES;
				"CODE_SIGN_IDENTITY[sdk=iphoneos*]" = "iPhone Distribution: James Dunwoody";
				COPY_PHASE_STRIP = YES;
				GCC_C_LANGUAGE_STANDARD = gnu99;
				GCC_VERSION = com.apple.compilers.llvm.clang.1_0;
				GCC_WARN_ABOUT_RETURN_TYPE = YES;
				GCC_WARN_UNINITIALIZED_AUTOS = YES;
				GCC_WARN_UNUSED_VARIABLE = YES;
				IPHONEOS_DEPLOYMENT_TARGET = 5.1;
				OTHER_CFLAGS = "-DNS_BLOCK_ASSERTIONS=1";
				"PROVISIONING_PROFILE[sdk=iphoneos*]" = "A5B41247-5512-4244-835E-A39E1E4289A1";
				SDKROOT = iphoneos;
				TARGETED_DEVICE_FAMILY = 2;
				VALIDATE_PRODUCT = YES;
			};
			name = Release;
		};
		1ABFF5351595A63F004C7EE1 /* Debug */ = {
			isa = XCBuildConfiguration;
			buildSettings = {
				GCC_PRECOMPILE_PREFIX_HEADER = YES;
				GCC_PREFIX_HEADER = "SampleMultiview/GymApp-Prefix.pch";
				INFOPLIST_FILE = "SampleMultiview/GymApp-Info.plist";
				PRODUCT_NAME = GymApp;
				WRAPPER_EXTENSION = app;
			};
			name = Debug;
		};
		1ABFF5361595A63F004C7EE1 /* Release */ = {
			isa = XCBuildConfiguration;
			buildSettings = {
				"CODE_SIGN_IDENTITY[sdk=iphoneos*]" = "iPhone Distribution: James Dunwoody";
				GCC_PRECOMPILE_PREFIX_HEADER = YES;
				GCC_PREFIX_HEADER = "SampleMultiview/GymApp-Prefix.pch";
				INFOPLIST_FILE = "SampleMultiview/GymApp-Info.plist";
				PRODUCT_NAME = GymApp;
				"PROVISIONING_PROFILE[sdk=iphoneos*]" = "FBAC21B6-CC9E-4035-BA3C-8F76456811F1";
				WRAPPER_EXTENSION = app;
			};
			name = Release;
		};
/* End XCBuildConfiguration section */

/* Begin XCConfigurationList section */
		1ABFF5161595A63E004C7EE1 /* Build configuration list for PBXProject "GymApp" */ = {
			isa = XCConfigurationList;
			buildConfigurations = (
				1ABFF5321595A63F004C7EE1 /* Debug */,
				1ABFF5331595A63F004C7EE1 /* Release */,
			);
			defaultConfigurationIsVisible = 0;
			defaultConfigurationName = Release;
		};
		1ABFF5341595A63F004C7EE1 /* Build configuration list for PBXNativeTarget "GymApp" */ = {
			isa = XCConfigurationList;
			buildConfigurations = (
				1ABFF5351595A63F004C7EE1 /* Debug */,
				1ABFF5361595A63F004C7EE1 /* Release */,
			);
			defaultConfigurationIsVisible = 0;
			defaultConfigurationName = Release;
		};
/* End XCConfigurationList section */
	};
	rootObject = 1ABFF5131595A63E004C7EE1 /* Project object */;
}
