// !$*UTF8*$!
{
	archiveVersion = 1;
	classes = {
	};
	objectVersion = 46;
	objects = {

/* Begin PBXBuildFile section */
		1A64EA3E159DE1A5002A3054 /* Orange.gif in Resources */ = {isa = PBXBuildFile; fileRef = 1A64EA3D159DE1A5002A3054 /* Orange.gif */; };
		1AA6360715A049EB00938C5F /* ExercisePickerDelegate.m in Sources */ = {isa = PBXBuildFile; fileRef = 1AA6360615A049EB00938C5F /* ExercisePickerDelegate.m */; };
		1ABFF5211595A63E004C7EE1 /* UIKit.framework in Frameworks */ = {isa = PBXBuildFile; fileRef = 1ABFF5201595A63E004C7EE1 /* UIKit.framework */; };
		1ABFF5231595A63F004C7EE1 /* Foundation.framework in Frameworks */ = {isa = PBXBuildFile; fileRef = 1ABFF5221595A63E004C7EE1 /* Foundation.framework */; };
		1ABFF5251595A63F004C7EE1 /* CoreGraphics.framework in Frameworks */ = {isa = PBXBuildFile; fileRef = 1ABFF5241595A63F004C7EE1 /* CoreGraphics.framework */; };
		1ABFF52B1595A63F004C7EE1 /* InfoPlist.strings in Resources */ = {isa = PBXBuildFile; fileRef = 1ABFF5291595A63F004C7EE1 /* InfoPlist.strings */; };
		1ABFF52D1595A63F004C7EE1 /* main.m in Sources */ = {isa = PBXBuildFile; fileRef = 1ABFF52C1595A63F004C7EE1 /* main.m */; };
		1ABFF5311595A63F004C7EE1 /* SampleAppDelegate.m in Sources */ = {isa = PBXBuildFile; fileRef = 1ABFF5301595A63F004C7EE1 /* SampleAppDelegate.m */; };
		1ABFF5381595A65A004C7EE1 /* Storyboard.storyboard in Resources */ = {isa = PBXBuildFile; fileRef = 1ABFF5371595A65A004C7EE1 /* Storyboard.storyboard */; };
		1ABFF53B1595E634004C7EE1 /* ExerciseViewController.m in Sources */ = {isa = PBXBuildFile; fileRef = 1ABFF53A1595E634004C7EE1 /* ExerciseViewController.m */; };
		1ABFF5461595F427004C7EE1 /* ExerciseDataController.m in Sources */ = {isa = PBXBuildFile; fileRef = 1ABFF5451595F427004C7EE1 /* ExerciseDataController.m */; };
		1ABFF54F1595F53A004C7EE1 /* Exercise.m in Sources */ = {isa = PBXBuildFile; fileRef = 1ABFF54B1595F53A004C7EE1 /* Exercise.m */; };
		1ABFF5501595F53A004C7EE1 /* ExerciseCell.m in Sources */ = {isa = PBXBuildFile; fileRef = 1ABFF54D1595F53A004C7EE1 /* ExerciseCell.m */; };
		1ABFF5531595F804004C7EE1 /* ExerciseTableDelegate.m in Sources */ = {isa = PBXBuildFile; fileRef = 1ABFF5521595F804004C7EE1 /* ExerciseTableDelegate.m */; };
		1AF76B401599F16600417F1D /* ExerciseTimer.m in Sources */ = {isa = PBXBuildFile; fileRef = 1AF76B3F1599F16600417F1D /* ExerciseTimer.m */; };
/* End PBXBuildFile section */

/* Begin PBXFileReference section */
		1A3EC3C815A1D8F900282EA4 /* ExercisePickerControllerProtocol.h */ = {isa = PBXFileReference; lastKnownFileType = sourcecode.c.h; path = ExercisePickerControllerProtocol.h; sourceTree = "<group>"; };
		1A64EA3D159DE1A5002A3054 /* Orange.gif */ = {isa = PBXFileReference; lastKnownFileType = image.gif; path = Orange.gif; sourceTree = "<group>"; };
		1AA6360515A049EB00938C5F /* ExercisePickerDelegate.h */ = {isa = PBXFileReference; fileEncoding = 4; lastKnownFileType = sourcecode.c.h; path = ExercisePickerDelegate.h; sourceTree = "<group>"; };
		1AA6360615A049EB00938C5F /* ExercisePickerDelegate.m */ = {isa = PBXFileReference; fileEncoding = 4; lastKnownFileType = sourcecode.c.objc; path = ExercisePickerDelegate.m; sourceTree = "<group>"; };
		1ABFF51C1595A63E004C7EE1 /* SampleMultiview.app */ = {isa = PBXFileReference; explicitFileType = wrapper.application; includeInIndex = 0; path = SampleMultiview.app; sourceTree = BUILT_PRODUCTS_DIR; };
		1ABFF5201595A63E004C7EE1 /* UIKit.framework */ = {isa = PBXFileReference; lastKnownFileType = wrapper.framework; name = UIKit.framework; path = System/Library/Frameworks/UIKit.framework; sourceTree = SDKROOT; };
		1ABFF5221595A63E004C7EE1 /* Foundation.framework */ = {isa = PBXFileReference; lastKnownFileType = wrapper.framework; name = Foundation.framework; path = System/Library/Frameworks/Foundation.framework; sourceTree = SDKROOT; };
		1ABFF5241595A63F004C7EE1 /* CoreGraphics.framework */ = {isa = PBXFileReference; lastKnownFileType = wrapper.framework; name = CoreGraphics.framework; path = System/Library/Frameworks/CoreGraphics.framework; sourceTree = SDKROOT; };
		1ABFF5281595A63F004C7EE1 /* SampleMultiview-Info.plist */ = {isa = PBXFileReference; lastKnownFileType = text.plist.xml; path = "SampleMultiview-Info.plist"; sourceTree = "<group>"; };
		1ABFF52A1595A63F004C7EE1 /* en */ = {isa = PBXFileReference; lastKnownFileType = text.plist.strings; name = en; path = en.lproj/InfoPlist.strings; sourceTree = "<group>"; };
		1ABFF52C1595A63F004C7EE1 /* main.m */ = {isa = PBXFileReference; lastKnownFileType = sourcecode.c.objc; path = main.m; sourceTree = "<group>"; };
		1ABFF52E1595A63F004C7EE1 /* SampleMultiview-Prefix.pch */ = {isa = PBXFileReference; lastKnownFileType = sourcecode.c.h; path = "SampleMultiview-Prefix.pch"; sourceTree = "<group>"; };
		1ABFF52F1595A63F004C7EE1 /* SampleAppDelegate.h */ = {isa = PBXFileReference; lastKnownFileType = sourcecode.c.h; path = SampleAppDelegate.h; sourceTree = "<group>"; };
		1ABFF5301595A63F004C7EE1 /* SampleAppDelegate.m */ = {isa = PBXFileReference; lastKnownFileType = sourcecode.c.objc; path = SampleAppDelegate.m; sourceTree = "<group>"; };
		1ABFF5371595A65A004C7EE1 /* Storyboard.storyboard */ = {isa = PBXFileReference; fileEncoding = 4; lastKnownFileType = file.storyboard; path = Storyboard.storyboard; sourceTree = "<group>"; };
		1ABFF5391595E634004C7EE1 /* ExerciseViewController.h */ = {isa = PBXFileReference; fileEncoding = 4; lastKnownFileType = sourcecode.c.h; path = ExerciseViewController.h; sourceTree = "<group>"; };
		1ABFF53A1595E634004C7EE1 /* ExerciseViewController.m */ = {isa = PBXFileReference; fileEncoding = 4; lastKnownFileType = sourcecode.c.objc; path = ExerciseViewController.m; sourceTree = "<group>"; };
		1ABFF5441595F427004C7EE1 /* ExerciseDataController.h */ = {isa = PBXFileReference; fileEncoding = 4; lastKnownFileType = sourcecode.c.h; path = ExerciseDataController.h; sourceTree = "<group>"; };
		1ABFF5451595F427004C7EE1 /* ExerciseDataController.m */ = {isa = PBXFileReference; fileEncoding = 4; lastKnownFileType = sourcecode.c.objc; path = ExerciseDataController.m; sourceTree = "<group>"; };
		1ABFF54A1595F53A004C7EE1 /* Exercise.h */ = {isa = PBXFileReference; fileEncoding = 4; lastKnownFileType = sourcecode.c.h; path = Exercise.h; sourceTree = "<group>"; };
		1ABFF54B1595F53A004C7EE1 /* Exercise.m */ = {isa = PBXFileReference; fileEncoding = 4; lastKnownFileType = sourcecode.c.objc; path = Exercise.m; sourceTree = "<group>"; };
		1ABFF54C1595F53A004C7EE1 /* ExerciseCell.h */ = {isa = PBXFileReference; fileEncoding = 4; lastKnownFileType = sourcecode.c.h; path = ExerciseCell.h; sourceTree = "<group>"; };
		1ABFF54D1595F53A004C7EE1 /* ExerciseCell.m */ = {isa = PBXFileReference; fileEncoding = 4; lastKnownFileType = sourcecode.c.objc; path = ExerciseCell.m; sourceTree = "<group>"; };
		1ABFF5511595F804004C7EE1 /* ExerciseTableDelegate.h */ = {isa = PBXFileReference; fileEncoding = 4; lastKnownFileType = sourcecode.c.h; path = ExerciseTableDelegate.h; sourceTree = "<group>"; };
		1ABFF5521595F804004C7EE1 /* ExerciseTableDelegate.m */ = {isa = PBXFileReference; fileEncoding = 4; lastKnownFileType = sourcecode.c.objc; path = ExerciseTableDelegate.m; sourceTree = "<group>"; };
		1AF76B3E1599F16600417F1D /* ExerciseTimer.h */ = {isa = PBXFileReference; fileEncoding = 4; lastKnownFileType = sourcecode.c.h; path = ExerciseTimer.h; sourceTree = "<group>"; };
		1AF76B3F1599F16600417F1D /* ExerciseTimer.m */ = {isa = PBXFileReference; fileEncoding = 4; lastKnownFileType = sourcecode.c.objc; path = ExerciseTimer.m; sourceTree = "<group>"; };
/* End PBXFileReference section */

/* Begin PBXFrameworksBuildPhase section */
		1ABFF5191595A63E004C7EE1 /* Frameworks */ = {
			isa = PBXFrameworksBuildPhase;
			buildActionMask = 2147483647;
			files = (
				1ABFF5211595A63E004C7EE1 /* UIKit.framework in Frameworks */,
				1ABFF5231595A63F004C7EE1 /* Foundation.framework in Frameworks */,
				1ABFF5251595A63F004C7EE1 /* CoreGraphics.framework in Frameworks */,
			);
			runOnlyForDeploymentPostprocessing = 0;
		};
/* End PBXFrameworksBuildPhase section */

/* Begin PBXGroup section */
		1ABFF5111595A63E004C7EE1 = {
			isa = PBXGroup;
			children = (
				1ABFF5261595A63F004C7EE1 /* SampleMultiview */,
				1ABFF51F1595A63E004C7EE1 /* Frameworks */,
				1ABFF51D1595A63E004C7EE1 /* Products */,
			);
			sourceTree = "<group>";
		};
		1ABFF51D1595A63E004C7EE1 /* Products */ = {
			isa = PBXGroup;
			children = (
				1ABFF51C1595A63E004C7EE1 /* SampleMultiview.app */,
			);
			name = Products;
			sourceTree = "<group>";
		};
		1ABFF51F1595A63E004C7EE1 /* Frameworks */ = {
			isa = PBXGroup;
			children = (
				1ABFF5201595A63E004C7EE1 /* UIKit.framework */,
				1ABFF5221595A63E004C7EE1 /* Foundation.framework */,
				1ABFF5241595A63F004C7EE1 /* CoreGraphics.framework */,
			);
			name = Frameworks;
			sourceTree = "<group>";
		};
		1ABFF5261595A63F004C7EE1 /* SampleMultiview */ = {
			isa = PBXGroup;
			children = (
				1A64EA3D159DE1A5002A3054 /* Orange.gif */,
				1ABFF5371595A65A004C7EE1 /* Storyboard.storyboard */,
				1ABFF52F1595A63F004C7EE1 /* SampleAppDelegate.h */,
				1ABFF5301595A63F004C7EE1 /* SampleAppDelegate.m */,
				1ABFF5391595E634004C7EE1 /* ExerciseViewController.h */,
				1ABFF53A1595E634004C7EE1 /* ExerciseViewController.m */,
				1ABFF54A1595F53A004C7EE1 /* Exercise.h */,
				1ABFF54B1595F53A004C7EE1 /* Exercise.m */,
				1ABFF54C1595F53A004C7EE1 /* ExerciseCell.h */,
				1ABFF54D1595F53A004C7EE1 /* ExerciseCell.m */,
				1ABFF5271595A63F004C7EE1 /* Supporting Files */,
				1ABFF5511595F804004C7EE1 /* ExerciseTableDelegate.h */,
				1ABFF5521595F804004C7EE1 /* ExerciseTableDelegate.m */,
				1ABFF5441595F427004C7EE1 /* ExerciseDataController.h */,
				1ABFF5451595F427004C7EE1 /* ExerciseDataController.m */,
				1AF76B3E1599F16600417F1D /* ExerciseTimer.h */,
				1AF76B3F1599F16600417F1D /* ExerciseTimer.m */,
				1AA6360515A049EB00938C5F /* ExercisePickerDelegate.h */,
				1AA6360615A049EB00938C5F /* ExercisePickerDelegate.m */,
				1A3EC3C815A1D8F900282EA4 /* ExercisePickerControllerProtocol.h */,
			);
			path = SampleMultiview;
			sourceTree = "<group>";
		};
		1ABFF5271595A63F004C7EE1 /* Supporting Files */ = {
			isa = PBXGroup;
			children = (
				1ABFF5281595A63F004C7EE1 /* SampleMultiview-Info.plist */,
				1ABFF5291595A63F004C7EE1 /* InfoPlist.strings */,
				1ABFF52C1595A63F004C7EE1 /* main.m */,
				1ABFF52E1595A63F004C7EE1 /* SampleMultiview-Prefix.pch */,
			);
			name = "Supporting Files";
			sourceTree = "<group>";
		};
/* End PBXGroup section */

/* Begin PBXNativeTarget section */
		1ABFF51B1595A63E004C7EE1 /* SampleMultiview */ = {
			isa = PBXNativeTarget;
			buildConfigurationList = 1ABFF5341595A63F004C7EE1 /* Build configuration list for PBXNativeTarget "SampleMultiview" */;
			buildPhases = (
				1ABFF5181595A63E004C7EE1 /* Sources */,
				1ABFF5191595A63E004C7EE1 /* Frameworks */,
				1ABFF51A1595A63E004C7EE1 /* Resources */,
			);
			buildRules = (
			);
			dependencies = (
			);
			name = SampleMultiview;
			productName = SampleMultiview;
			productReference = 1ABFF51C1595A63E004C7EE1 /* SampleMultiview.app */;
			productType = "com.apple.product-type.application";
		};
/* End PBXNativeTarget section */

/* Begin PBXProject section */
		1ABFF5131595A63E004C7EE1 /* Project object */ = {
			isa = PBXProject;
			attributes = {
				CLASSPREFIX = Sample;
				LastUpgradeCheck = 0430;
			};
			buildConfigurationList = 1ABFF5161595A63E004C7EE1 /* Build configuration list for PBXProject "SampleMultiview" */;
			compatibilityVersion = "Xcode 3.2";
			developmentRegion = English;
			hasScannedForEncodings = 0;
			knownRegions = (
				en,
			);
			mainGroup = 1ABFF5111595A63E004C7EE1;
			productRefGroup = 1ABFF51D1595A63E004C7EE1 /* Products */;
			projectDirPath = "";
			projectRoot = "";
			targets = (
				1ABFF51B1595A63E004C7EE1 /* SampleMultiview */,
			);
		};
/* End PBXProject section */

/* Begin PBXResourcesBuildPhase section */
		1ABFF51A1595A63E004C7EE1 /* Resources */ = {
			isa = PBXResourcesBuildPhase;
			buildActionMask = 2147483647;
			files = (
				1ABFF52B1595A63F004C7EE1 /* InfoPlist.strings in Resources */,
				1ABFF5381595A65A004C7EE1 /* Storyboard.storyboard in Resources */,
				1A64EA3E159DE1A5002A3054 /* Orange.gif in Resources */,
			);
			runOnlyForDeploymentPostprocessing = 0;
		};
/* End PBXResourcesBuildPhase section */

/* Begin PBXSourcesBuildPhase section */
		1ABFF5181595A63E004C7EE1 /* Sources */ = {
			isa = PBXSourcesBuildPhase;
			buildActionMask = 2147483647;
			files = (
				1ABFF52D1595A63F004C7EE1 /* main.m in Sources */,
				1ABFF5311595A63F004C7EE1 /* SampleAppDelegate.m in Sources */,
				1ABFF53B1595E634004C7EE1 /* ExerciseViewController.m in Sources */,
				1ABFF5461595F427004C7EE1 /* ExerciseDataController.m in Sources */,
				1ABFF54F1595F53A004C7EE1 /* Exercise.m in Sources */,
				1ABFF5501595F53A004C7EE1 /* ExerciseCell.m in Sources */,
				1ABFF5531595F804004C7EE1 /* ExerciseTableDelegate.m in Sources */,
				1AF76B401599F16600417F1D /* ExerciseTimer.m in Sources */,
				1AA6360715A049EB00938C5F /* ExercisePickerDelegate.m in Sources */,
			);
			runOnlyForDeploymentPostprocessing = 0;
		};
/* End PBXSourcesBuildPhase section */

/* Begin PBXVariantGroup section */
		1ABFF5291595A63F004C7EE1 /* InfoPlist.strings */ = {
			isa = PBXVariantGroup;
			children = (
				1ABFF52A1595A63F004C7EE1 /* en */,
			);
			name = InfoPlist.strings;
			sourceTree = "<group>";
		};
/* End PBXVariantGroup section */

/* Begin XCBuildConfiguration section */
		1ABFF5321595A63F004C7EE1 /* Debug */ = {
			isa = XCBuildConfiguration;
			buildSettings = {
				ALWAYS_SEARCH_USER_PATHS = NO;
				ARCHS = "$(ARCHS_STANDARD_32_BIT)";
				CLANG_ENABLE_OBJC_ARC = YES;
				"CODE_SIGN_IDENTITY[sdk=iphoneos*]" = "iPhone Developer";
				COPY_PHASE_STRIP = NO;
				GCC_C_LANGUAGE_STANDARD = gnu99;
				GCC_DYNAMIC_NO_PIC = NO;
				GCC_OPTIMIZATION_LEVEL = 0;
				GCC_PREPROCESSOR_DEFINITIONS = (
					"DEBUG=1",
					"$(inherited)",
				);
				GCC_SYMBOLS_PRIVATE_EXTERN = NO;
				GCC_VERSION = com.apple.compilers.llvm.clang.1_0;
				GCC_WARN_ABOUT_RETURN_TYPE = YES;
				GCC_WARN_UNINITIALIZED_AUTOS = YES;
				GCC_WARN_UNUSED_VARIABLE = YES;
				IPHONEOS_DEPLOYMENT_TARGET = 5.1;
				SDKROOT = iphoneos;
				TARGETED_DEVICE_FAMILY = 2;
			};
			name = Debug;
		};
		1ABFF5331595A63F004C7EE1 /* Release */ = {
			isa = XCBuildConfiguration;
			buildSettings = {
				ALWAYS_SEARCH_USER_PATHS = NO;
				ARCHS = "$(ARCHS_STANDARD_32_BIT)";
				CLANG_ENABLE_OBJC_ARC = YES;
				"CODE_SIGN_IDENTITY[sdk=iphoneos*]" = "iPhone Developer";
				COPY_PHASE_STRIP = YES;
				GCC_C_LANGUAGE_STANDARD = gnu99;
				GCC_VERSION = com.apple.compilers.llvm.clang.1_0;
				GCC_WARN_ABOUT_RETURN_TYPE = YES;
				GCC_WARN_UNINITIALIZED_AUTOS = YES;
				GCC_WARN_UNUSED_VARIABLE = YES;
				IPHONEOS_DEPLOYMENT_TARGET = 5.1;
				OTHER_CFLAGS = "-DNS_BLOCK_ASSERTIONS=1";
				SDKROOT = iphoneos;
				TARGETED_DEVICE_FAMILY = 2;
				VALIDATE_PRODUCT = YES;
			};
			name = Release;
		};
		1ABFF5351595A63F004C7EE1 /* Debug */ = {
			isa = XCBuildConfiguration;
			buildSettings = {
				GCC_PRECOMPILE_PREFIX_HEADER = YES;
				GCC_PREFIX_HEADER = "SampleMultiview/SampleMultiview-Prefix.pch";
				INFOPLIST_FILE = "SampleMultiview/SampleMultiview-Info.plist";
				PRODUCT_NAME = "$(TARGET_NAME)";
				WRAPPER_EXTENSION = app;
			};
			name = Debug;
		};
		1ABFF5361595A63F004C7EE1 /* Release */ = {
			isa = XCBuildConfiguration;
			buildSettings = {
				GCC_PRECOMPILE_PREFIX_HEADER = YES;
				GCC_PREFIX_HEADER = "SampleMultiview/SampleMultiview-Prefix.pch";
				INFOPLIST_FILE = "SampleMultiview/SampleMultiview-Info.plist";
				PRODUCT_NAME = "$(TARGET_NAME)";
				WRAPPER_EXTENSION = app;
			};
			name = Release;
		};
/* End XCBuildConfiguration section */

/* Begin XCConfigurationList section */
		1ABFF5161595A63E004C7EE1 /* Build configuration list for PBXProject "SampleMultiview" */ = {
			isa = XCConfigurationList;
			buildConfigurations = (
				1ABFF5321595A63F004C7EE1 /* Debug */,
				1ABFF5331595A63F004C7EE1 /* Release */,
			);
			defaultConfigurationIsVisible = 0;
			defaultConfigurationName = Release;
		};
		1ABFF5341595A63F004C7EE1 /* Build configuration list for PBXNativeTarget "SampleMultiview" */ = {
			isa = XCConfigurationList;
			buildConfigurations = (
				1ABFF5351595A63F004C7EE1 /* Debug */,
				1ABFF5361595A63F004C7EE1 /* Release */,
			);
			defaultConfigurationIsVisible = 0;
			defaultConfigurationName = Release;
		};
/* End XCConfigurationList section */
	};
	rootObject = 1ABFF5131595A63E004C7EE1 /* Project object */;
}
